
Microsoft Visual Studio Solution File, Format Version 12.00
# Visual Studio Version 16
VisualStudioVersion = 16.0.29123.89
MinimumVisualStudioVersion = 10.0.40219.1
Project("{9A19103F-16F7-4668-BE54-9A1E7A4F7556}") = "MyLeasing.Common", "MyLeasing.Common\MyLeasing.Common.csproj", "{F458679B-D1DC-4AB1-A57E-FB8F59409324}"
EndProject
Project("{9A19103F-16F7-4668-BE54-9A1E7A4F7556}") = "MyLeasing.Web", "MyLeasing.Web\MyLeasing.Web.csproj", "{D272B0B6-C716-424B-B4AC-3A87E85318FC}"
EndProject
Project("{FAE04EC0-301F-11D3-BF4B-00C04F79EFBC}") = "MyLeasing.Prism", "MyLeasing.Prism\MyLeasing.Prism\MyLeasing.Prism.csproj", "{C8E07027-C5E1-440E-8339-0CB490689221}"
EndProject
Project("{FAE04EC0-301F-11D3-BF4B-00C04F79EFBC}") = "MyLeasing.Prism.Android", "MyLeasing.Prism\MyLeasing.Prism.Android\MyLeasing.Prism.Android.csproj", "{C2A5DE40-5D46-480F-9A33-B3A5AFC40432}"
EndProject
Project("{FAE04EC0-301F-11D3-BF4B-00C04F79EFBC}") = "MyLeasing.Prism.iOS", "MyLeasing.Prism\MyLeasing.Prism.iOS\MyLeasing.Prism.iOS.csproj", "{98556EC9-7022-4A9A-B90E-614CCFBC38A6}"
EndProject
Global
	GlobalSection(SolutionConfigurationPlatforms) = preSolution
		Ad-Hoc|Any CPU = Ad-Hoc|Any CPU
		Ad-Hoc|iPhone = Ad-Hoc|iPhone
		Ad-Hoc|iPhoneSimulator = Ad-Hoc|iPhoneSimulator
		AppStore|Any CPU = AppStore|Any CPU
		AppStore|iPhone = AppStore|iPhone
		AppStore|iPhoneSimulator = AppStore|iPhoneSimulator
		Debug|Any CPU = Debug|Any CPU
		Debug|iPhone = Debug|iPhone
		Debug|iPhoneSimulator = Debug|iPhoneSimulator
		Release|Any CPU = Release|Any CPU
		Release|iPhone = Release|iPhone
		Release|iPhoneSimulator = Release|iPhoneSimulator
	EndGlobalSection
	GlobalSection(ProjectConfigurationPlatforms) = postSolution
		{F458679B-D1DC-4AB1-A57E-FB8F59409324}.Ad-Hoc|Any CPU.ActiveCfg = Release|Any CPU
		{F458679B-D1DC-4AB1-A57E-FB8F59409324}.Ad-Hoc|Any CPU.Build.0 = Release|Any CPU
		{F458679B-D1DC-4AB1-A57E-FB8F59409324}.Ad-Hoc|iPhone.ActiveCfg = Release|Any CPU
		{F458679B-D1DC-4AB1-A57E-FB8F59409324}.Ad-Hoc|iPhone.Build.0 = Release|Any CPU
		{F458679B-D1DC-4AB1-A57E-FB8F59409324}.Ad-Hoc|iPhoneSimulator.ActiveCfg = Release|Any CPU
		{F458679B-D1DC-4AB1-A57E-FB8F59409324}.Ad-Hoc|iPhoneSimulator.Build.0 = Release|Any CPU
		{F458679B-D1DC-4AB1-A57E-FB8F59409324}.AppStore|Any CPU.ActiveCfg = Release|Any CPU
		{F458679B-D1DC-4AB1-A57E-FB8F59409324}.AppStore|Any CPU.Build.0 = Release|Any CPU
		{F458679B-D1DC-4AB1-A57E-FB8F59409324}.AppStore|iPhone.ActiveCfg = Release|Any CPU
		{F458679B-D1DC-4AB1-A57E-FB8F59409324}.AppStore|iPhone.Build.0 = Release|Any CPU
		{F458679B-D1DC-4AB1-A57E-FB8F59409324}.AppStore|iPhoneSimulator.ActiveCfg = Release|Any CPU
		{F458679B-D1DC-4AB1-A57E-FB8F59409324}.AppStore|iPhoneSimulator.Build.0 = Release|Any CPU
		{F458679B-D1DC-4AB1-A57E-FB8F59409324}.Debug|Any CPU.ActiveCfg = Debug|Any CPU
		{F458679B-D1DC-4AB1-A57E-FB8F59409324}.Debug|Any CPU.Build.0 = Debug|Any CPU
		{F458679B-D1DC-4AB1-A57E-FB8F59409324}.Debug|iPhone.ActiveCfg = Debug|Any CPU
		{F458679B-D1DC-4AB1-A57E-FB8F59409324}.Debug|iPhone.Build.0 = Debug|Any CPU
		{F458679B-D1DC-4AB1-A57E-FB8F59409324}.Debug|iPhoneSimulator.ActiveCfg = Debug|Any CPU
		{F458679B-D1DC-4AB1-A57E-FB8F59409324}.Debug|iPhoneSimulator.Build.0 = Debug|Any CPU
		{F458679B-D1DC-4AB1-A57E-FB8F59409324}.Release|Any CPU.ActiveCfg = Release|Any CPU
		{F458679B-D1DC-4AB1-A57E-FB8F59409324}.Release|Any CPU.Build.0 = Release|Any CPU
		{F458679B-D1DC-4AB1-A57E-FB8F59409324}.Release|iPhone.ActiveCfg = Release|Any CPU
		{F458679B-D1DC-4AB1-A57E-FB8F59409324}.Release|iPhone.Build.0 = Release|Any CPU
		{F458679B-D1DC-4AB1-A57E-FB8F59409324}.Release|iPhoneSimulator.ActiveCfg = Release|Any CPU
		{F458679B-D1DC-4AB1-A57E-FB8F59409324}.Release|iPhoneSimulator.Build.0 = Release|Any CPU
		{D272B0B6-C716-424B-B4AC-3A87E85318FC}.Ad-Hoc|Any CPU.ActiveCfg = Release|Any CPU
		{D272B0B6-C716-424B-B4AC-3A87E85318FC}.Ad-Hoc|Any CPU.Build.0 = Release|Any CPU
		{D272B0B6-C716-424B-B4AC-3A87E85318FC}.Ad-Hoc|iPhone.ActiveCfg = Release|Any CPU
		{D272B0B6-C716-424B-B4AC-3A87E85318FC}.Ad-Hoc|iPhone.Build.0 = Release|Any CPU
		{D272B0B6-C716-424B-B4AC-3A87E85318FC}.Ad-Hoc|iPhoneSimulator.ActiveCfg = Release|Any CPU
		{D272B0B6-C716-424B-B4AC-3A87E85318FC}.Ad-Hoc|iPhoneSimulator.Build.0 = Release|Any CPU
		{D272B0B6-C716-424B-B4AC-3A87E85318FC}.AppStore|Any CPU.ActiveCfg = Release|Any CPU
		{D272B0B6-C716-424B-B4AC-3A87E85318FC}.AppStore|Any CPU.Build.0 = Release|Any CPU
		{D272B0B6-C716-424B-B4AC-3A87E85318FC}.AppStore|iPhone.ActiveCfg = Release|Any CPU
		{D272B0B6-C716-424B-B4AC-3A87E85318FC}.AppStore|iPhone.Build.0 = Release|Any CPU
		{D272B0B6-C716-424B-B4AC-3A87E85318FC}.AppStore|iPhoneSimulator.ActiveCfg = Release|Any CPU
		{D272B0B6-C716-424B-B4AC-3A87E85318FC}.AppStore|iPhoneSimulator.Build.0 = Release|Any CPU
		{D272B0B6-C716-424B-B4AC-3A87E85318FC}.Debug|Any CPU.ActiveCfg = Debug|Any CPU
		{D272B0B6-C716-424B-B4AC-3A87E85318FC}.Debug|Any CPU.Build.0 = Debug|Any CPU
		{D272B0B6-C716-424B-B4AC-3A87E85318FC}.Debug|iPhone.ActiveCfg = Debug|Any CPU
		{D272B0B6-C716-424B-B4AC-3A87E85318FC}.Debug|iPhone.Build.0 = Debug|Any CPU
		{D272B0B6-C716-424B-B4AC-3A87E85318FC}.Debug|iPhoneSimulator.ActiveCfg = Debug|Any CPU
		{D272B0B6-C716-424B-B4AC-3A87E85318FC}.Debug|iPhoneSimulator.Build.0 = Debug|Any CPU
		{D272B0B6-C716-424B-B4AC-3A87E85318FC}.Release|Any CPU.ActiveCfg = Release|Any CPU
		{D272B0B6-C716-424B-B4AC-3A87E85318FC}.Release|Any CPU.Build.0 = Release|Any CPU
		{D272B0B6-C716-424B-B4AC-3A87E85318FC}.Release|iPhone.ActiveCfg = Release|Any CPU
		{D272B0B6-C716-424B-B4AC-3A87E85318FC}.Release|iPhone.Build.0 = Release|Any CPU
		{D272B0B6-C716-424B-B4AC-3A87E85318FC}.Release|iPhoneSimulator.ActiveCfg = Release|Any CPU
		{D272B0B6-C716-424B-B4AC-3A87E85318FC}.Release|iPhoneSimulator.Build.0 = Release|Any CPU
		{C8E07027-C5E1-440E-8339-0CB490689221}.Ad-Hoc|Any CPU.ActiveCfg = Debug|Any CPU
		{C8E07027-C5E1-440E-8339-0CB490689221}.Ad-Hoc|Any CPU.Build.0 = Debug|Any CPU
		{C8E07027-C5E1-440E-8339-0CB490689221}.Ad-Hoc|iPhone.ActiveCfg = Debug|Any CPU
		{C8E07027-C5E1-440E-8339-0CB490689221}.Ad-Hoc|iPhone.Build.0 = Debug|Any CPU
		{C8E07027-C5E1-440E-8339-0CB490689221}.Ad-Hoc|iPhoneSimulator.ActiveCfg = Debug|Any CPU
		{C8E07027-C5E1-440E-8339-0CB490689221}.Ad-Hoc|iPhoneSimulator.Build.0 = Debug|Any CPU
		{C8E07027-C5E1-440E-8339-0CB490689221}.AppStore|Any CPU.ActiveCfg = Debug|Any CPU
		{C8E07027-C5E1-440E-8339-0CB490689221}.AppStore|Any CPU.Build.0 = Debug|Any CPU
		{C8E07027-C5E1-440E-8339-0CB490689221}.AppStore|iPhone.ActiveCfg = Debug|Any CPU
		{C8E07027-C5E1-440E-8339-0CB490689221}.AppStore|iPhone.Build.0 = Debug|Any CPU
		{C8E07027-C5E1-440E-8339-0CB490689221}.AppStore|iPhoneSimulator.ActiveCfg = Debug|Any CPU
		{C8E07027-C5E1-440E-8339-0CB490689221}.AppStore|iPhoneSimulator.Build.0 = Debug|Any CPU
		{C8E07027-C5E1-440E-8339-0CB490689221}.Debug|Any CPU.ActiveCfg = Debug|Any CPU
		{C8E07027-C5E1-440E-8339-0CB490689221}.Debug|Any CPU.Build.0 = Debug|Any CPU
		{C8E07027-C5E1-440E-8339-0CB490689221}.Debug|iPhone.ActiveCfg = Debug|Any CPU
		{C8E07027-C5E1-440E-8339-0CB490689221}.Debug|iPhone.Build.0 = Debug|Any CPU
		{C8E07027-C5E1-440E-8339-0CB490689221}.Debug|iPhoneSimulator.ActiveCfg = Debug|Any CPU
		{C8E07027-C5E1-440E-8339-0CB490689221}.Debug|iPhoneSimulator.Build.0 = Debug|Any CPU
		{C8E07027-C5E1-440E-8339-0CB490689221}.Release|Any CPU.ActiveCfg = Release|Any CPU
		{C8E07027-C5E1-440E-8339-0CB490689221}.Release|Any CPU.Build.0 = Release|Any CPU
		{C8E07027-C5E1-440E-8339-0CB490689221}.Release|iPhone.ActiveCfg = Release|Any CPU
		{C8E07027-C5E1-440E-8339-0CB490689221}.Release|iPhone.Build.0 = Release|Any CPU
		{C8E07027-C5E1-440E-8339-0CB490689221}.Release|iPhoneSimulator.ActiveCfg = Release|Any CPU
		{C8E07027-C5E1-440E-8339-0CB490689221}.Release|iPhoneSimulator.Build.0 = Release|Any CPU
		{C2A5DE40-5D46-480F-9A33-B3A5AFC40432}.Ad-Hoc|Any CPU.ActiveCfg = Release|Any CPU
		{C2A5DE40-5D46-480F-9A33-B3A5AFC40432}.Ad-Hoc|Any CPU.Build.0 = Release|Any CPU
		{C2A5DE40-5D46-480F-9A33-B3A5AFC40432}.Ad-Hoc|Any CPU.Deploy.0 = Release|Any CPU
		{C2A5DE40-5D46-480F-9A33-B3A5AFC40432}.Ad-Hoc|iPhone.ActiveCfg = Release|Any CPU
		{C2A5DE40-5D46-480F-9A33-B3A5AFC40432}.Ad-Hoc|iPhone.Build.0 = Release|Any CPU
		{C2A5DE40-5D46-480F-9A33-B3A5AFC40432}.Ad-Hoc|iPhone.Deploy.0 = Release|Any CPU
		{C2A5DE40-5D46-480F-9A33-B3A5AFC40432}.Ad-Hoc|iPhoneSimulator.ActiveCfg = Release|Any CPU
		{C2A5DE40-5D46-480F-9A33-B3A5AFC40432}.Ad-Hoc|iPhoneSimulator.Build.0 = Release|Any CPU
		{C2A5DE40-5D46-480F-9A33-B3A5AFC40432}.Ad-Hoc|iPhoneSimulator.Deploy.0 = Release|Any CPU
		{C2A5DE40-5D46-480F-9A33-B3A5AFC40432}.AppStore|Any CPU.ActiveCfg = Release|Any CPU
		{C2A5DE40-5D46-480F-9A33-B3A5AFC40432}.AppStore|Any CPU.Build.0 = Release|Any CPU
		{C2A5DE40-5D46-480F-9A33-B3A5AFC40432}.AppStore|Any CPU.Deploy.0 = Release|Any CPU
		{C2A5DE40-5D46-480F-9A33-B3A5AFC40432}.AppStore|iPhone.ActiveCfg = Release|Any CPU
		{C2A5DE40-5D46-480F-9A33-B3A5AFC40432}.AppStore|iPhone.Build.0 = Release|Any CPU
		{C2A5DE40-5D46-480F-9A33-B3A5AFC40432}.AppStore|iPhone.Deploy.0 = Release|Any CPU
		{C2A5DE40-5D46-480F-9A33-B3A5AFC40432}.AppStore|iPhoneSimulator.ActiveCfg = Release|Any CPU
		{C2A5DE40-5D46-480F-9A33-B3A5AFC40432}.AppStore|iPhoneSimulator.Build.0 = Release|Any CPU
		{C2A5DE40-5D46-480F-9A33-B3A5AFC40432}.AppStore|iPhoneSimulator.Deploy.0 = Release|Any CPU
		{C2A5DE40-5D46-480F-9A33-B3A5AFC40432}.Debug|Any CPU.ActiveCfg = Debug|Any CPU
		{C2A5DE40-5D46-480F-9A33-B3A5AFC40432}.Debug|Any CPU.Build.0 = Debug|Any CPU
		{C2A5DE40-5D46-480F-9A33-B3A5AFC40432}.Debug|Any CPU.Deploy.0 = Debug|Any CPU
		{C2A5DE40-5D46-480F-9A33-B3A5AFC40432}.Debug|iPhone.ActiveCfg = Debug|Any CPU
		{C2A5DE40-5D46-480F-9A33-B3A5AFC40432}.Debug|iPhone.Build.0 = Debug|Any CPU
		{C2A5DE40-5D46-480F-9A33-B3A5AFC40432}.Debug|iPhone.Deploy.0 = Debug|Any CPU
		{C2A5DE40-5D46-480F-9A33-B3A5AFC40432}.Debug|iPhoneSimulator.ActiveCfg = Debug|Any CPU
		{C2A5DE40-5D46-480F-9A33-B3A5AFC40432}.Debug|iPhoneSimulator.Build.0 = Debug|Any CPU
		{C2A5DE40-5D46-480F-9A33-B3A5AFC40432}.Debug|iPhoneSimulator.Deploy.0 = Debug|Any CPU
		{C2A5DE40-5D46-480F-9A33-B3A5AFC40432}.Release|Any CPU.ActiveCfg = Release|Any CPU
		{C2A5DE40-5D46-480F-9A33-B3A5AFC40432}.Release|Any CPU.Build.0 = Release|Any CPU
		{C2A5DE40-5D46-480F-9A33-B3A5AFC40432}.Release|Any CPU.Deploy.0 = Release|Any CPU
		{C2A5DE40-5D46-480F-9A33-B3A5AFC40432}.Release|iPhone.ActiveCfg = Release|Any CPU
		{C2A5DE40-5D46-480F-9A33-B3A5AFC40432}.Release|iPhone.Build.0 = Release|Any CPU
		{C2A5DE40-5D46-480F-9A33-B3A5AFC40432}.Release|iPhone.Deploy.0 = Release|Any CPU
		{C2A5DE40-5D46-480F-9A33-B3A5AFC40432}.Release|iPhoneSimulator.ActiveCfg = Release|Any CPU
		{C2A5DE40-5D46-480F-9A33-B3A5AFC40432}.Release|iPhoneSimulator.Build.0 = Release|Any CPU
		{C2A5DE40-5D46-480F-9A33-B3A5AFC40432}.Release|iPhoneSimulator.Deploy.0 = Release|Any CPU
		{98556EC9-7022-4A9A-B90E-614CCFBC38A6}.Ad-Hoc|Any CPU.ActiveCfg = Ad-Hoc|iPhone
		{98556EC9-7022-4A9A-B90E-614CCFBC38A6}.Ad-Hoc|iPhone.ActiveCfg = Ad-Hoc|iPhone
		{98556EC9-7022-4A9A-B90E-614CCFBC38A6}.Ad-Hoc|iPhone.Build.0 = Ad-Hoc|iPhone
		{98556EC9-7022-4A9A-B90E-614CCFBC38A6}.Ad-Hoc|iPhoneSimulator.ActiveCfg = Ad-Hoc|iPhoneSimulator
		{98556EC9-7022-4A9A-B90E-614CCFBC38A6}.Ad-Hoc|iPhoneSimulator.Build.0 = Ad-Hoc|iPhoneSimulator
		{98556EC9-7022-4A9A-B90E-614CCFBC38A6}.AppStore|Any CPU.ActiveCfg = AppStore|iPhone
		{98556EC9-7022-4A9A-B90E-614CCFBC38A6}.AppStore|iPhone.ActiveCfg = AppStore|iPhone
		{98556EC9-7022-4A9A-B90E-614CCFBC38A6}.AppStore|iPhone.Build.0 = AppStore|iPhone
		{98556EC9-7022-4A9A-B90E-614CCFBC38A6}.AppStore|iPhoneSimulator.ActiveCfg = AppStore|iPhoneSimulator
		{98556EC9-7022-4A9A-B90E-614CCFBC38A6}.AppStore|iPhoneSimulator.Build.0 = AppStore|iPhoneSimulator
		{98556EC9-7022-4A9A-B90E-614CCFBC38A6}.Debug|Any CPU.ActiveCfg = Debug|iPhone
		{98556EC9-7022-4A9A-B90E-614CCFBC38A6}.Debug|iPhone.ActiveCfg = Debug|iPhone
		{98556EC9-7022-4A9A-B90E-614CCFBC38A6}.Debug|iPhone.Build.0 = Debug|iPhone
		{98556EC9-7022-4A9A-B90E-614CCFBC38A6}.Debug|iPhoneSimulator.ActiveCfg = Debug|iPhoneSimulator
		{98556EC9-7022-4A9A-B90E-614CCFBC38A6}.Debug|iPhoneSimulator.Build.0 = Debug|iPhoneSimulator
		{98556EC9-7022-4A9A-B90E-614CCFBC38A6}.Release|Any CPU.ActiveCfg = Release|iPhone
		{98556EC9-7022-4A9A-B90E-614CCFBC38A6}.Release|iPhone.ActiveCfg = Release|iPhone
		{98556EC9-7022-4A9A-B90E-614CCFBC38A6}.Release|iPhone.Build.0 = Release|iPhone
		{98556EC9-7022-4A9A-B90E-614CCFBC38A6}.Release|iPhoneSimulator.ActiveCfg = Release|iPhoneSimulator
		{98556EC9-7022-4A9A-B90E-614CCFBC38A6}.Release|iPhoneSimulator.Build.0 = Release|iPhoneSimulator
	EndGlobalSection
	GlobalSection(SolutionProperties) = preSolution
		HideSolutionNode = FALSE
	EndGlobalSection
	GlobalSection(ExtensibilityGlobals) = postSolution
		SolutionGuid = {8EAA8C1B-BC86-45B3-9CDC-05672EE61A3B}
	EndGlobalSection
EndGlobal
