
Microsoft Visual Studio Solution File, Format Version 12.00
# Visual Studio Version 16
VisualStudioVersion = 16.0.29123.89
MinimumVisualStudioVersion = 10.0.40219.1
Project("{FAE04EC0-301F-11D3-BF4B-00C04F79EFBC}") = "MyLeasing.Common", "MyLeasing.Common\MyLeasing.Common.csproj", "{F458679B-D1DC-4AB1-A57E-FB8F59409324}"
EndProject
Project("{FAE04EC0-301F-11D3-BF4B-00C04F79EFBC}") = "MyLeasing.Web", "MyLeasing.Web\MyLeasing.Web.csproj", "{D272B0B6-C716-424B-B4AC-3A87E85318FC}"
EndProject
Global
	GlobalSection(SolutionConfigurationPlatforms) = preSolution
		Debug|Any CPU = Debug|Any CPU
		Release|Any CPU = Release|Any CPU
	EndGlobalSection
	GlobalSection(ProjectConfigurationPlatforms) = postSolution
		{F458679B-D1DC-4AB1-A57E-FB8F59409324}.Debug|Any CPU.ActiveCfg = Debug|Any CPU
		{F458679B-D1DC-4AB1-A57E-FB8F59409324}.Debug|Any CPU.Build.0 = Debug|Any CPU
		{F458679B-D1DC-4AB1-A57E-FB8F59409324}.Release|Any CPU.ActiveCfg = Release|Any CPU
		{F458679B-D1DC-4AB1-A57E-FB8F59409324}.Release|Any CPU.Build.0 = Release|Any CPU
		{D272B0B6-C716-424B-B4AC-3A87E85318FC}.Debug|Any CPU.ActiveCfg = Debug|Any CPU
		{D272B0B6-C716-424B-B4AC-3A87E85318FC}.Debug|Any CPU.Build.0 = Debug|Any CPU
		{D272B0B6-C716-424B-B4AC-3A87E85318FC}.Release|Any CPU.ActiveCfg = Release|Any CPU
		{D272B0B6-C716-424B-B4AC-3A87E85318FC}.Release|Any CPU.Build.0 = Release|Any CPU
	EndGlobalSection
	GlobalSection(SolutionProperties) = preSolution
		HideSolutionNode = FALSE
	EndGlobalSection
	GlobalSection(ExtensibilityGlobals) = postSolution
		SolutionGuid = {8EAA8C1B-BC86-45B3-9CDC-05672EE61A3B}
	EndGlobalSection
EndGlobal
